
Microsoft Visual Studio Solution File, Format Version 12.00
# Visual Studio Version 16
VisualStudioVersion = 16.0.31702.278
MinimumVisualStudioVersion = 10.0.40219.1
Project("{FAE04EC0-301F-11D3-BF4B-00C04F79EFBC}") = "WpfTask11", "WpfTask11\WpfTask11.csproj", "{B38480D5-1D64-4479-AACA-6C448AD3CE01}"
EndProject
Project("{FAE04EC0-301F-11D3-BF4B-00C04F79EFBC}") = "WpfTask11_blend", "WpfTask11_blend\WpfTask11_blend.csproj", "{A25FDE13-300A-4851-82FF-D7C6E3765328}"
EndProject
Global
	GlobalSection(SolutionConfigurationPlatforms) = preSolution
		Debug|Any CPU = Debug|Any CPU
		Release|Any CPU = Release|Any CPU
	EndGlobalSection
	GlobalSection(ProjectConfigurationPlatforms) = postSolution
		{B38480D5-1D64-4479-AACA-6C448AD3CE01}.Debug|Any CPU.ActiveCfg = Debug|Any CPU
		{B38480D5-1D64-4479-AACA-6C448AD3CE01}.Debug|Any CPU.Build.0 = Debug|Any CPU
		{B38480D5-1D64-4479-AACA-6C448AD3CE01}.Release|Any CPU.ActiveCfg = Release|Any CPU
		{B38480D5-1D64-4479-AACA-6C448AD3CE01}.Release|Any CPU.Build.0 = Release|Any CPU
		{A25FDE13-300A-4851-82FF-D7C6E3765328}.Debug|Any CPU.ActiveCfg = Debug|Any CPU
		{A25FDE13-300A-4851-82FF-D7C6E3765328}.Debug|Any CPU.Build.0 = Debug|Any CPU
		{A25FDE13-300A-4851-82FF-D7C6E3765328}.Release|Any CPU.ActiveCfg = Release|Any CPU
		{A25FDE13-300A-4851-82FF-D7C6E3765328}.Release|Any CPU.Build.0 = Release|Any CPU
	EndGlobalSection
	GlobalSection(SolutionProperties) = preSolution
		HideSolutionNode = FALSE
	EndGlobalSection
	GlobalSection(ExtensibilityGlobals) = postSolution
		SolutionGuid = {7CCCE49F-3116-4F5F-8491-68D201B59D4E}
	EndGlobalSection
EndGlobal
